
Microsoft Visual Studio Solution File, Format Version 12.00
# Visual Studio Version 16
VisualStudioVersion = 16.0.33328.57
MinimumVisualStudioVersion = 10.0.40219.1
Project("{FAE04EC0-301F-11D3-BF4B-00C04F79EFBC}") = "Task 7 Divide by 7", "Task 7 Divide by 7\Task 7 Divide by 7.csproj", "{74E735FD-067E-4E6B-A926-79C78EFC2807}"
EndProject
Global
	GlobalSection(SolutionConfigurationPlatforms) = preSolution
		Debug|Any CPU = Debug|Any CPU
		Release|Any CPU = Release|Any CPU
	EndGlobalSection
	GlobalSection(ProjectConfigurationPlatforms) = postSolution
		{74E735FD-067E-4E6B-A926-79C78EFC2807}.Debug|Any CPU.ActiveCfg = Debug|Any CPU
		{74E735FD-067E-4E6B-A926-79C78EFC2807}.Debug|Any CPU.Build.0 = Debug|Any CPU
		{74E735FD-067E-4E6B-A926-79C78EFC2807}.Release|Any CPU.ActiveCfg = Release|Any CPU
		{74E735FD-067E-4E6B-A926-79C78EFC2807}.Release|Any CPU.Build.0 = Release|Any CPU
	EndGlobalSection
	GlobalSection(SolutionProperties) = preSolution
		HideSolutionNode = FALSE
	EndGlobalSection
	GlobalSection(ExtensibilityGlobals) = postSolution
		SolutionGuid = {E7FE8D81-749E-46C2-B07B-5EE33CF1CFE1}
	EndGlobalSection
EndGlobal
