
Microsoft Visual Studio Solution File, Format Version 12.00
# Visual Studio Version 16
VisualStudioVersion = 16.0.33328.57
MinimumVisualStudioVersion = 10.0.40219.1
Project("{FAE04EC0-301F-11D3-BF4B-00C04F79EFBC}") = "ControllerAndRoutingDemo", "ControllerAndRoutingDemo\ControllerAndRoutingDemo.csproj", "{60090CB9-AD03-49BE-AEB8-9769305078DD}"
EndProject
Global
	GlobalSection(SolutionConfigurationPlatforms) = preSolution
		Debug|Any CPU = Debug|Any CPU
		Release|Any CPU = Release|Any CPU
	EndGlobalSection
	GlobalSection(ProjectConfigurationPlatforms) = postSolution
		{60090CB9-AD03-49BE-AEB8-9769305078DD}.Debug|Any CPU.ActiveCfg = Debug|Any CPU
		{60090CB9-AD03-49BE-AEB8-9769305078DD}.Debug|Any CPU.Build.0 = Debug|Any CPU
		{60090CB9-AD03-49BE-AEB8-9769305078DD}.Release|Any CPU.ActiveCfg = Release|Any CPU
		{60090CB9-AD03-49BE-AEB8-9769305078DD}.Release|Any CPU.Build.0 = Release|Any CPU
	EndGlobalSection
	GlobalSection(SolutionProperties) = preSolution
		HideSolutionNode = FALSE
	EndGlobalSection
	GlobalSection(ExtensibilityGlobals) = postSolution
		SolutionGuid = {696FEDCA-7FD8-49C4-9AE4-14DCF43FFE30}
	EndGlobalSection
EndGlobal
